// !$*UTF8*$!
{
	archiveVersion = 1;
	classes = {
	};
	objectVersion = 46;
	objects = {

/* Begin PBXBuildFile section */
		34FBCD0D65FB384F000084D8 /* Pods_Living_Expenses.framework in Frameworks */ = {isa = PBXBuildFile; fileRef = D04A953336EFF8EC93965AFC /* Pods_Living_Expenses.framework */; };
		D70380D51EBAC65600785C60 /* AddBill.swift in Sources */ = {isa = PBXBuildFile; fileRef = D70380D41EBAC65600785C60 /* AddBill.swift */; };
		D70380D71EBC16D600785C60 /* BillsHomeTableViewCell.swift in Sources */ = {isa = PBXBuildFile; fileRef = D70380D61EBC16D600785C60 /* BillsHomeTableViewCell.swift */; };
		D74CF6071EC9B1AC000AB7DF /* UtilityReadings.swift in Sources */ = {isa = PBXBuildFile; fileRef = D74CF6061EC9B1AC000AB7DF /* UtilityReadings.swift */; };
		D765282A1EB2C42C00D7DF69 /* AppDelegate.swift in Sources */ = {isa = PBXBuildFile; fileRef = D76528291EB2C42C00D7DF69 /* AppDelegate.swift */; };
		D765282F1EB2C42C00D7DF69 /* Main.storyboard in Resources */ = {isa = PBXBuildFile; fileRef = D765282D1EB2C42C00D7DF69 /* Main.storyboard */; };
		D76528311EB2C42C00D7DF69 /* Assets.xcassets in Resources */ = {isa = PBXBuildFile; fileRef = D76528301EB2C42C00D7DF69 /* Assets.xcassets */; };
		D76528341EB2C42C00D7DF69 /* LaunchScreen.storyboard in Resources */ = {isa = PBXBuildFile; fileRef = D76528321EB2C42C00D7DF69 /* LaunchScreen.storyboard */; };
		D768708E1ECECC8300A41031 /* Settings.swift in Sources */ = {isa = PBXBuildFile; fileRef = D768708D1ECECC8300A41031 /* Settings.swift */; };
		D79325221EBD6ACF00C6E654 /* libsqlite3.0.tbd in Frameworks */ = {isa = PBXBuildFile; fileRef = D79325211EBD6ACF00C6E654 /* libsqlite3.0.tbd */; };
		D793252F1EBD6B4800C6E654 /* FMDatabase.m in Sources */ = {isa = PBXBuildFile; fileRef = D79325251EBD6B4700C6E654 /* FMDatabase.m */; };
		D79325301EBD6B4800C6E654 /* FMDatabaseAdditions.m in Sources */ = {isa = PBXBuildFile; fileRef = D79325271EBD6B4700C6E654 /* FMDatabaseAdditions.m */; };
		D79325311EBD6B4800C6E654 /* FMDatabasePool.m in Sources */ = {isa = PBXBuildFile; fileRef = D79325291EBD6B4700C6E654 /* FMDatabasePool.m */; };
		D79325321EBD6B4800C6E654 /* FMDatabaseQueue.m in Sources */ = {isa = PBXBuildFile; fileRef = D793252B1EBD6B4800C6E654 /* FMDatabaseQueue.m */; };
		D79325331EBD6B4800C6E654 /* FMResultSet.m in Sources */ = {isa = PBXBuildFile; fileRef = D793252E1EBD6B4800C6E654 /* FMResultSet.m */; };
		D79325351EBD70E100C6E654 /* CustomCell.swift in Sources */ = {isa = PBXBuildFile; fileRef = D79325341EBD70E100C6E654 /* CustomCell.swift */; };
		D79325371EBD910300C6E654 /* DBManager.swift in Sources */ = {isa = PBXBuildFile; fileRef = D79325361EBD910300C6E654 /* DBManager.swift */; };
		D7BA21751EB4726400217481 /* Calendar.swift in Sources */ = {isa = PBXBuildFile; fileRef = D7BA21741EB4726400217481 /* Calendar.swift */; };
		D7BA21791EB482E300217481 /* Home.swift in Sources */ = {isa = PBXBuildFile; fileRef = D7BA21781EB482E300217481 /* Home.swift */; };
		D7E51FBB1EB99E2200208CC8 /* BillDetails.swift in Sources */ = {isa = PBXBuildFile; fileRef = D7E51FBA1EB99E2200208CC8 /* BillDetails.swift */; };
/* End PBXBuildFile section */

/* Begin PBXFileReference section */
		52B0A59BD7FA56B523FC6FE1 /* Pods-Living Expenses.debug.xcconfig */ = {isa = PBXFileReference; includeInIndex = 1; lastKnownFileType = text.xcconfig; name = "Pods-Living Expenses.debug.xcconfig"; path = "Pods/Target Support Files/Pods-Living Expenses/Pods-Living Expenses.debug.xcconfig"; sourceTree = "<group>"; };
		D04A953336EFF8EC93965AFC /* Pods_Living_Expenses.framework */ = {isa = PBXFileReference; explicitFileType = wrapper.framework; includeInIndex = 0; path = Pods_Living_Expenses.framework; sourceTree = BUILT_PRODUCTS_DIR; };
		D70380CE1EBAC30600785C60 /* CoreData.framework */ = {isa = PBXFileReference; lastKnownFileType = wrapper.framework; name = CoreData.framework; path = System/Library/Frameworks/CoreData.framework; sourceTree = SDKROOT; };
		D70380D41EBAC65600785C60 /* AddBill.swift */ = {isa = PBXFileReference; fileEncoding = 4; lastKnownFileType = sourcecode.swift; path = AddBill.swift; sourceTree = "<group>"; };
		D70380D61EBC16D600785C60 /* BillsHomeTableViewCell.swift */ = {isa = PBXFileReference; fileEncoding = 4; lastKnownFileType = sourcecode.swift; path = BillsHomeTableViewCell.swift; sourceTree = "<group>"; };
		D74CF6061EC9B1AC000AB7DF /* UtilityReadings.swift */ = {isa = PBXFileReference; fileEncoding = 4; lastKnownFileType = sourcecode.swift; name = UtilityReadings.swift; path = ../UtilityReadings.swift; sourceTree = "<group>"; };
		D76528261EB2C42C00D7DF69 /* Living Expenses.app */ = {isa = PBXFileReference; explicitFileType = wrapper.application; includeInIndex = 0; path = "Living Expenses.app"; sourceTree = BUILT_PRODUCTS_DIR; };
		D76528291EB2C42C00D7DF69 /* AppDelegate.swift */ = {isa = PBXFileReference; lastKnownFileType = sourcecode.swift; path = AppDelegate.swift; sourceTree = "<group>"; };
		D765282E1EB2C42C00D7DF69 /* Base */ = {isa = PBXFileReference; lastKnownFileType = file.storyboard; name = Base; path = Base.lproj/Main.storyboard; sourceTree = "<group>"; };
		D76528301EB2C42C00D7DF69 /* Assets.xcassets */ = {isa = PBXFileReference; lastKnownFileType = folder.assetcatalog; path = Assets.xcassets; sourceTree = "<group>"; };
		D76528331EB2C42C00D7DF69 /* Base */ = {isa = PBXFileReference; lastKnownFileType = file.storyboard; name = Base; path = Base.lproj/LaunchScreen.storyboard; sourceTree = "<group>"; };
		D76528351EB2C42C00D7DF69 /* Info.plist */ = {isa = PBXFileReference; lastKnownFileType = text.plist.xml; path = Info.plist; sourceTree = "<group>"; };
		D768708D1ECECC8300A41031 /* Settings.swift */ = {isa = PBXFileReference; fileEncoding = 4; lastKnownFileType = sourcecode.swift; path = Settings.swift; sourceTree = "<group>"; };
		D79325211EBD6ACF00C6E654 /* libsqlite3.0.tbd */ = {isa = PBXFileReference; lastKnownFileType = "sourcecode.text-based-dylib-definition"; name = libsqlite3.0.tbd; path = usr/lib/libsqlite3.0.tbd; sourceTree = SDKROOT; };
		D79325231EBD6B4700C6E654 /* Living Expenses-Bridging-Header.h */ = {isa = PBXFileReference; lastKnownFileType = sourcecode.c.h; path = "Living Expenses-Bridging-Header.h"; sourceTree = "<group>"; };
		D79325241EBD6B4700C6E654 /* FMDatabase.h */ = {isa = PBXFileReference; fileEncoding = 4; lastKnownFileType = sourcecode.c.h; name = FMDatabase.h; path = "../../../../../../Downloads/fmdb-master/src/fmdb/FMDatabase.h"; sourceTree = "<group>"; };
		D79325251EBD6B4700C6E654 /* FMDatabase.m */ = {isa = PBXFileReference; fileEncoding = 4; lastKnownFileType = sourcecode.c.objc; name = FMDatabase.m; path = "../../../../../../Downloads/fmdb-master/src/fmdb/FMDatabase.m"; sourceTree = "<group>"; };
		D79325261EBD6B4700C6E654 /* FMDatabaseAdditions.h */ = {isa = PBXFileReference; fileEncoding = 4; lastKnownFileType = sourcecode.c.h; name = FMDatabaseAdditions.h; path = "../../../../../../Downloads/fmdb-master/src/fmdb/FMDatabaseAdditions.h"; sourceTree = "<group>"; };
		D79325271EBD6B4700C6E654 /* FMDatabaseAdditions.m */ = {isa = PBXFileReference; fileEncoding = 4; lastKnownFileType = sourcecode.c.objc; name = FMDatabaseAdditions.m; path = "../../../../../../Downloads/fmdb-master/src/fmdb/FMDatabaseAdditions.m"; sourceTree = "<group>"; };
		D79325281EBD6B4700C6E654 /* FMDatabasePool.h */ = {isa = PBXFileReference; fileEncoding = 4; lastKnownFileType = sourcecode.c.h; name = FMDatabasePool.h; path = "../../../../../../Downloads/fmdb-master/src/fmdb/FMDatabasePool.h"; sourceTree = "<group>"; };
		D79325291EBD6B4700C6E654 /* FMDatabasePool.m */ = {isa = PBXFileReference; fileEncoding = 4; lastKnownFileType = sourcecode.c.objc; name = FMDatabasePool.m; path = "../../../../../../Downloads/fmdb-master/src/fmdb/FMDatabasePool.m"; sourceTree = "<group>"; };
		D793252A1EBD6B4800C6E654 /* FMDatabaseQueue.h */ = {isa = PBXFileReference; fileEncoding = 4; lastKnownFileType = sourcecode.c.h; name = FMDatabaseQueue.h; path = "../../../../../../Downloads/fmdb-master/src/fmdb/FMDatabaseQueue.h"; sourceTree = "<group>"; };
		D793252B1EBD6B4800C6E654 /* FMDatabaseQueue.m */ = {isa = PBXFileReference; fileEncoding = 4; lastKnownFileType = sourcecode.c.objc; name = FMDatabaseQueue.m; path = "../../../../../../Downloads/fmdb-master/src/fmdb/FMDatabaseQueue.m"; sourceTree = "<group>"; };
		D793252C1EBD6B4800C6E654 /* FMDB.h */ = {isa = PBXFileReference; fileEncoding = 4; lastKnownFileType = sourcecode.c.h; name = FMDB.h; path = "../../../../../../Downloads/fmdb-master/src/fmdb/FMDB.h"; sourceTree = "<group>"; };
		D793252D1EBD6B4800C6E654 /* FMResultSet.h */ = {isa = PBXFileReference; fileEncoding = 4; lastKnownFileType = sourcecode.c.h; name = FMResultSet.h; path = "../../../../../../Downloads/fmdb-master/src/fmdb/FMResultSet.h"; sourceTree = "<group>"; };
		D793252E1EBD6B4800C6E654 /* FMResultSet.m */ = {isa = PBXFileReference; fileEncoding = 4; lastKnownFileType = sourcecode.c.objc; name = FMResultSet.m; path = "../../../../../../Downloads/fmdb-master/src/fmdb/FMResultSet.m"; sourceTree = "<group>"; };
		D79325341EBD70E100C6E654 /* CustomCell.swift */ = {isa = PBXFileReference; fileEncoding = 4; lastKnownFileType = sourcecode.swift; path = CustomCell.swift; sourceTree = "<group>"; };
		D79325361EBD910300C6E654 /* DBManager.swift */ = {isa = PBXFileReference; fileEncoding = 4; lastKnownFileType = sourcecode.swift; path = DBManager.swift; sourceTree = "<group>"; };
		D7BA21741EB4726400217481 /* Calendar.swift */ = {isa = PBXFileReference; fileEncoding = 4; lastKnownFileType = sourcecode.swift; path = Calendar.swift; sourceTree = "<group>"; };
		D7BA21781EB482E300217481 /* Home.swift */ = {isa = PBXFileReference; fileEncoding = 4; lastKnownFileType = sourcecode.swift; path = Home.swift; sourceTree = "<group>"; };
		D7E51FBA1EB99E2200208CC8 /* BillDetails.swift */ = {isa = PBXFileReference; fileEncoding = 4; lastKnownFileType = sourcecode.swift; path = BillDetails.swift; sourceTree = "<group>"; };
		EA1FBDAB09A6AA8915C07EB1 /* Pods-Living Expenses.release.xcconfig */ = {isa = PBXFileReference; includeInIndex = 1; lastKnownFileType = text.xcconfig; name = "Pods-Living Expenses.release.xcconfig"; path = "Pods/Target Support Files/Pods-Living Expenses/Pods-Living Expenses.release.xcconfig"; sourceTree = "<group>"; };
/* End PBXFileReference section */

/* Begin PBXFrameworksBuildPhase section */
		D76528231EB2C42C00D7DF69 /* Frameworks */ = {
			isa = PBXFrameworksBuildPhase;
			buildActionMask = 2147483647;
			files = (
				D79325221EBD6ACF00C6E654 /* libsqlite3.0.tbd in Frameworks */,
				34FBCD0D65FB384F000084D8 /* Pods_Living_Expenses.framework in Frameworks */,
			);
			runOnlyForDeploymentPostprocessing = 0;
		};
/* End PBXFrameworksBuildPhase section */

/* Begin PBXGroup section */
		3C5BB8CBFAFD0825584895CB /* Frameworks */ = {
			isa = PBXGroup;
			children = (
				D79325211EBD6ACF00C6E654 /* libsqlite3.0.tbd */,
				D70380CE1EBAC30600785C60 /* CoreData.framework */,
				D04A953336EFF8EC93965AFC /* Pods_Living_Expenses.framework */,
			);
			name = Frameworks;
			sourceTree = "<group>";
		};
		AA97F6B8301E43A0026E583A /* Pods */ = {
			isa = PBXGroup;
			children = (
				52B0A59BD7FA56B523FC6FE1 /* Pods-Living Expenses.debug.xcconfig */,
				EA1FBDAB09A6AA8915C07EB1 /* Pods-Living Expenses.release.xcconfig */,
			);
			name = Pods;
			sourceTree = "<group>";
		};
		D765281D1EB2C42C00D7DF69 = {
			isa = PBXGroup;
			children = (
				D76528281EB2C42C00D7DF69 /* Living Expenses */,
				D76528271EB2C42C00D7DF69 /* Products */,
				AA97F6B8301E43A0026E583A /* Pods */,
				3C5BB8CBFAFD0825584895CB /* Frameworks */,
			);
			sourceTree = "<group>";
		};
		D76528271EB2C42C00D7DF69 /* Products */ = {
			isa = PBXGroup;
			children = (
				D76528261EB2C42C00D7DF69 /* Living Expenses.app */,
			);
			name = Products;
			sourceTree = "<group>";
		};
		D76528281EB2C42C00D7DF69 /* Living Expenses */ = {
			isa = PBXGroup;
			children = (
				D76528291EB2C42C00D7DF69 /* AppDelegate.swift */,
				D7BA21781EB482E300217481 /* Home.swift */,
				D768708D1ECECC8300A41031 /* Settings.swift */,
				D7BA21741EB4726400217481 /* Calendar.swift */,
				D70380D41EBAC65600785C60 /* AddBill.swift */,
				D7E51FBA1EB99E2200208CC8 /* BillDetails.swift */,
				D74CF6061EC9B1AC000AB7DF /* UtilityReadings.swift */,
				D70380D61EBC16D600785C60 /* BillsHomeTableViewCell.swift */,
				D79325341EBD70E100C6E654 /* CustomCell.swift */,
				D79325361EBD910300C6E654 /* DBManager.swift */,
				D765282D1EB2C42C00D7DF69 /* Main.storyboard */,
				D76528301EB2C42C00D7DF69 /* Assets.xcassets */,
				D76528321EB2C42C00D7DF69 /* LaunchScreen.storyboard */,
				D76528351EB2C42C00D7DF69 /* Info.plist */,
				D7F9F6901EBFDB1F00207801 /* FMDBAssociatedFiles */,
			);
			path = "Living Expenses";
			sourceTree = "<group>";
		};
		D7F9F6901EBFDB1F00207801 /* FMDBAssociatedFiles */ = {
			isa = PBXGroup;
			children = (
				D79325231EBD6B4700C6E654 /* Living Expenses-Bridging-Header.h */,
				D79325241EBD6B4700C6E654 /* FMDatabase.h */,
				D79325251EBD6B4700C6E654 /* FMDatabase.m */,
				D79325261EBD6B4700C6E654 /* FMDatabaseAdditions.h */,
				D79325271EBD6B4700C6E654 /* FMDatabaseAdditions.m */,
				D79325281EBD6B4700C6E654 /* FMDatabasePool.h */,
				D79325291EBD6B4700C6E654 /* FMDatabasePool.m */,
				D793252A1EBD6B4800C6E654 /* FMDatabaseQueue.h */,
				D793252B1EBD6B4800C6E654 /* FMDatabaseQueue.m */,
				D793252C1EBD6B4800C6E654 /* FMDB.h */,
				D793252D1EBD6B4800C6E654 /* FMResultSet.h */,
				D793252E1EBD6B4800C6E654 /* FMResultSet.m */,
			);
			name = FMDBAssociatedFiles;
			sourceTree = "<group>";
		};
/* End PBXGroup section */

/* Begin PBXNativeTarget section */
		D76528251EB2C42C00D7DF69 /* Living Expenses */ = {
			isa = PBXNativeTarget;
			buildConfigurationList = D76528381EB2C42C00D7DF69 /* Build configuration list for PBXNativeTarget "Living Expenses" */;
			buildPhases = (
				C96DCC9E07D754653A0228A5 /* [CP] Check Pods Manifest.lock */,
				D76528221EB2C42C00D7DF69 /* Sources */,
				D76528231EB2C42C00D7DF69 /* Frameworks */,
				D76528241EB2C42C00D7DF69 /* Resources */,
				DFAF86F4908CE11645874D16 /* [CP] Embed Pods Frameworks */,
				35F1CC70E003043DAF2F4F4E /* [CP] Copy Pods Resources */,
			);
			buildRules = (
			);
			dependencies = (
			);
			name = "Living Expenses";
			productName = "Living Expenses";
			productReference = D76528261EB2C42C00D7DF69 /* Living Expenses.app */;
			productType = "com.apple.product-type.application";
		};
/* End PBXNativeTarget section */

/* Begin PBXProject section */
		D765281E1EB2C42C00D7DF69 /* Project object */ = {
			isa = PBXProject;
			attributes = {
				LastSwiftUpdateCheck = 0830;
				LastUpgradeCheck = 0830;
				ORGANIZATIONNAME = "Alexander Fotheringham";
				TargetAttributes = {
					D76528251EB2C42C00D7DF69 = {
						CreatedOnToolsVersion = 8.3.2;
						DevelopmentTeam = UVWGSMLG65;
						LastSwiftMigration = 0830;
						ProvisioningStyle = Automatic;
					};
				};
			};
			buildConfigurationList = D76528211EB2C42C00D7DF69 /* Build configuration list for PBXProject "Living Expenses" */;
			compatibilityVersion = "Xcode 3.2";
			developmentRegion = English;
			hasScannedForEncodings = 0;
			knownRegions = (
				en,
				Base,
			);
			mainGroup = D765281D1EB2C42C00D7DF69;
			productRefGroup = D76528271EB2C42C00D7DF69 /* Products */;
			projectDirPath = "";
			projectRoot = "";
			targets = (
				D76528251EB2C42C00D7DF69 /* Living Expenses */,
			);
		};
/* End PBXProject section */

/* Begin PBXResourcesBuildPhase section */
		D76528241EB2C42C00D7DF69 /* Resources */ = {
			isa = PBXResourcesBuildPhase;
			buildActionMask = 2147483647;
			files = (
				D76528341EB2C42C00D7DF69 /* LaunchScreen.storyboard in Resources */,
				D76528311EB2C42C00D7DF69 /* Assets.xcassets in Resources */,
				D765282F1EB2C42C00D7DF69 /* Main.storyboard in Resources */,
			);
			runOnlyForDeploymentPostprocessing = 0;
		};
/* End PBXResourcesBuildPhase section */

/* Begin PBXShellScriptBuildPhase section */
		35F1CC70E003043DAF2F4F4E /* [CP] Copy Pods Resources */ = {
			isa = PBXShellScriptBuildPhase;
			buildActionMask = 2147483647;
			files = (
			);
			inputPaths = (
			);
			name = "[CP] Copy Pods Resources";
			outputPaths = (
			);
			runOnlyForDeploymentPostprocessing = 0;
			shellPath = /bin/sh;
			shellScript = "\"${SRCROOT}/Pods/Target Support Files/Pods-Living Expenses/Pods-Living Expenses-resources.sh\"\n";
			showEnvVarsInLog = 0;
		};
		C96DCC9E07D754653A0228A5 /* [CP] Check Pods Manifest.lock */ = {
			isa = PBXShellScriptBuildPhase;
			buildActionMask = 2147483647;
			files = (
			);
			inputPaths = (
			);
			name = "[CP] Check Pods Manifest.lock";
			outputPaths = (
			);
			runOnlyForDeploymentPostprocessing = 0;
			shellPath = /bin/sh;
			shellScript = "diff \"${PODS_PODFILE_DIR_PATH}/Podfile.lock\" \"${PODS_ROOT}/Manifest.lock\" > /dev/null\nif [ $? != 0 ] ; then\n    # print error to STDERR\n    echo \"error: The sandbox is not in sync with the Podfile.lock. Run 'pod install' or update your CocoaPods installation.\" >&2\n    exit 1\nfi\n";
			showEnvVarsInLog = 0;
		};
		DFAF86F4908CE11645874D16 /* [CP] Embed Pods Frameworks */ = {
			isa = PBXShellScriptBuildPhase;
			buildActionMask = 2147483647;
			files = (
			);
			inputPaths = (
			);
			name = "[CP] Embed Pods Frameworks";
			outputPaths = (
			);
			runOnlyForDeploymentPostprocessing = 0;
			shellPath = /bin/sh;
			shellScript = "\"${SRCROOT}/Pods/Target Support Files/Pods-Living Expenses/Pods-Living Expenses-frameworks.sh\"\n";
			showEnvVarsInLog = 0;
		};
/* End PBXShellScriptBuildPhase section */

/* Begin PBXSourcesBuildPhase section */
		D76528221EB2C42C00D7DF69 /* Sources */ = {
			isa = PBXSourcesBuildPhase;
			buildActionMask = 2147483647;
			files = (
				D7BA21751EB4726400217481 /* Calendar.swift in Sources */,
				D79325351EBD70E100C6E654 /* CustomCell.swift in Sources */,
				D7BA21791EB482E300217481 /* Home.swift in Sources */,
				D70380D51EBAC65600785C60 /* AddBill.swift in Sources */,
				D765282A1EB2C42C00D7DF69 /* AppDelegate.swift in Sources */,
				D74CF6071EC9B1AC000AB7DF /* UtilityReadings.swift in Sources */,
				D79325301EBD6B4800C6E654 /* FMDatabaseAdditions.m in Sources */,
				D79325331EBD6B4800C6E654 /* FMResultSet.m in Sources */,
				D70380D71EBC16D600785C60 /* BillsHomeTableViewCell.swift in Sources */,
				D768708E1ECECC8300A41031 /* Settings.swift in Sources */,
				D79325311EBD6B4800C6E654 /* FMDatabasePool.m in Sources */,
				D79325321EBD6B4800C6E654 /* FMDatabaseQueue.m in Sources */,
				D7E51FBB1EB99E2200208CC8 /* BillDetails.swift in Sources */,
				D793252F1EBD6B4800C6E654 /* FMDatabase.m in Sources */,
				D79325371EBD910300C6E654 /* DBManager.swift in Sources */,
			);
			runOnlyForDeploymentPostprocessing = 0;
		};
/* End PBXSourcesBuildPhase section */

/* Begin PBXVariantGroup section */
		D765282D1EB2C42C00D7DF69 /* Main.storyboard */ = {
			isa = PBXVariantGroup;
			children = (
				D765282E1EB2C42C00D7DF69 /* Base */,
			);
			name = Main.storyboard;
			sourceTree = "<group>";
		};
		D76528321EB2C42C00D7DF69 /* LaunchScreen.storyboard */ = {
			isa = PBXVariantGroup;
			children = (
				D76528331EB2C42C00D7DF69 /* Base */,
			);
			name = LaunchScreen.storyboard;
			sourceTree = "<group>";
		};
/* End PBXVariantGroup section */

/* Begin XCBuildConfiguration section */
		D76528361EB2C42C00D7DF69 /* Debug */ = {
			isa = XCBuildConfiguration;
			buildSettings = {
				ALWAYS_SEARCH_USER_PATHS = NO;
				CLANG_ANALYZER_NONNULL = YES;
				CLANG_ANALYZER_NUMBER_OBJECT_CONVERSION = YES_AGGRESSIVE;
				CLANG_CXX_LANGUAGE_STANDARD = "gnu++0x";
				CLANG_CXX_LIBRARY = "libc++";
				CLANG_ENABLE_MODULES = YES;
				CLANG_ENABLE_OBJC_ARC = YES;
				CLANG_WARN_BOOL_CONVERSION = YES;
				CLANG_WARN_CONSTANT_CONVERSION = YES;
				CLANG_WARN_DIRECT_OBJC_ISA_USAGE = YES_ERROR;
				CLANG_WARN_DOCUMENTATION_COMMENTS = YES;
				CLANG_WARN_EMPTY_BODY = YES;
				CLANG_WARN_ENUM_CONVERSION = YES;
				CLANG_WARN_INFINITE_RECURSION = YES;
				CLANG_WARN_INT_CONVERSION = YES;
				CLANG_WARN_OBJC_ROOT_CLASS = YES_ERROR;
				CLANG_WARN_SUSPICIOUS_MOVE = YES;
				CLANG_WARN_UNREACHABLE_CODE = YES;
				CLANG_WARN__DUPLICATE_METHOD_MATCH = YES;
				"CODE_SIGN_IDENTITY[sdk=iphoneos*]" = "iPhone Developer";
				COPY_PHASE_STRIP = NO;
				DEBUG_INFORMATION_FORMAT = dwarf;
				ENABLE_STRICT_OBJC_MSGSEND = YES;
				ENABLE_TESTABILITY = YES;
				GCC_C_LANGUAGE_STANDARD = gnu99;
				GCC_DYNAMIC_NO_PIC = NO;
				GCC_NO_COMMON_BLOCKS = YES;
				GCC_OPTIMIZATION_LEVEL = 0;
				GCC_PREPROCESSOR_DEFINITIONS = (
					"DEBUG=1",
					"$(inherited)",
				);
				GCC_WARN_64_TO_32_BIT_CONVERSION = YES;
				GCC_WARN_ABOUT_RETURN_TYPE = YES_ERROR;
				GCC_WARN_UNDECLARED_SELECTOR = YES;
				GCC_WARN_UNINITIALIZED_AUTOS = YES_AGGRESSIVE;
				GCC_WARN_UNUSED_FUNCTION = YES;
				GCC_WARN_UNUSED_VARIABLE = YES;
				IPHONEOS_DEPLOYMENT_TARGET = 10.3;
				MTL_ENABLE_DEBUG_INFO = YES;
				ONLY_ACTIVE_ARCH = YES;
				SDKROOT = iphoneos;
				SWIFT_ACTIVE_COMPILATION_CONDITIONS = DEBUG;
				SWIFT_OPTIMIZATION_LEVEL = "-Onone";
			};
			name = Debug;
		};
		D76528371EB2C42C00D7DF69 /* Release */ = {
			isa = XCBuildConfiguration;
			buildSettings = {
				ALWAYS_SEARCH_USER_PATHS = NO;
				CLANG_ANALYZER_NONNULL = YES;
				CLANG_ANALYZER_NUMBER_OBJECT_CONVERSION = YES_AGGRESSIVE;
				CLANG_CXX_LANGUAGE_STANDARD = "gnu++0x";
				CLANG_CXX_LIBRARY = "libc++";
				CLANG_ENABLE_MODULES = YES;
				CLANG_ENABLE_OBJC_ARC = YES;
				CLANG_WARN_BOOL_CONVERSION = YES;
				CLANG_WARN_CONSTANT_CONVERSION = YES;
				CLANG_WARN_DIRECT_OBJC_ISA_USAGE = YES_ERROR;
				CLANG_WARN_DOCUMENTATION_COMMENTS = YES;
				CLANG_WARN_EMPTY_BODY = YES;
				CLANG_WARN_ENUM_CONVERSION = YES;
				CLANG_WARN_INFINITE_RECURSION = YES;
				CLANG_WARN_INT_CONVERSION = YES;
				CLANG_WARN_OBJC_ROOT_CLASS = YES_ERROR;
				CLANG_WARN_SUSPICIOUS_MOVE = YES;
				CLANG_WARN_UNREACHABLE_CODE = YES;
				CLANG_WARN__DUPLICATE_METHOD_MATCH = YES;
				"CODE_SIGN_IDENTITY[sdk=iphoneos*]" = "iPhone Developer";
				COPY_PHASE_STRIP = NO;
				DEBUG_INFORMATION_FORMAT = "dwarf-with-dsym";
				ENABLE_NS_ASSERTIONS = NO;
				ENABLE_STRICT_OBJC_MSGSEND = YES;
				GCC_C_LANGUAGE_STANDARD = gnu99;
				GCC_NO_COMMON_BLOCKS = YES;
				GCC_WARN_64_TO_32_BIT_CONVERSION = YES;
				GCC_WARN_ABOUT_RETURN_TYPE = YES_ERROR;
				GCC_WARN_UNDECLARED_SELECTOR = YES;
				GCC_WARN_UNINITIALIZED_AUTOS = YES_AGGRESSIVE;
				GCC_WARN_UNUSED_FUNCTION = YES;
				GCC_WARN_UNUSED_VARIABLE = YES;
				IPHONEOS_DEPLOYMENT_TARGET = 10.3;
				MTL_ENABLE_DEBUG_INFO = NO;
				SDKROOT = iphoneos;
				SWIFT_OPTIMIZATION_LEVEL = "-Owholemodule";
				VALIDATE_PRODUCT = YES;
			};
			name = Release;
		};
		D76528391EB2C42C00D7DF69 /* Debug */ = {
			isa = XCBuildConfiguration;
			baseConfigurationReference = 52B0A59BD7FA56B523FC6FE1 /* Pods-Living Expenses.debug.xcconfig */;
			buildSettings = {
				ASSETCATALOG_COMPILER_APPICON_NAME = AppIcon;
				CLANG_ENABLE_MODULES = YES;
				DEVELOPMENT_TEAM = UVWGSMLG65;
				INFOPLIST_FILE = "Living Expenses/Info.plist";
				LD_RUNPATH_SEARCH_PATHS = "$(inherited) @executable_path/Frameworks";
				PRODUCT_BUNDLE_IDENTIFIER = "edu.Living-Expenses";
				PRODUCT_NAME = "$(TARGET_NAME)";
				SWIFT_OBJC_BRIDGING_HEADER = "Living Expenses/Living Expenses-Bridging-Header.h";
				SWIFT_OPTIMIZATION_LEVEL = "-Onone";
				SWIFT_VERSION = 3.0;
			};
			name = Debug;
		};
		D765283A1EB2C42C00D7DF69 /* Release */ = {
			isa = XCBuildConfiguration;
			baseConfigurationReference = EA1FBDAB09A6AA8915C07EB1 /* Pods-Living Expenses.release.xcconfig */;
			buildSettings = {
				ASSETCATALOG_COMPILER_APPICON_NAME = AppIcon;
				CLANG_ENABLE_MODULES = YES;
				DEVELOPMENT_TEAM = UVWGSMLG65;
				INFOPLIST_FILE = "Living Expenses/Info.plist";
				LD_RUNPATH_SEARCH_PATHS = "$(inherited) @executable_path/Frameworks";
				PRODUCT_BUNDLE_IDENTIFIER = "edu.Living-Expenses";
				PRODUCT_NAME = "$(TARGET_NAME)";
				SWIFT_OBJC_BRIDGING_HEADER = "Living Expenses/Living Expenses-Bridging-Header.h";
				SWIFT_VERSION = 3.0;
			};
			name = Release;
		};
/* End XCBuildConfiguration section */

/* Begin XCConfigurationList section */
		D76528211EB2C42C00D7DF69 /* Build configuration list for PBXProject "Living Expenses" */ = {
			isa = XCConfigurationList;
			buildConfigurations = (
				D76528361EB2C42C00D7DF69 /* Debug */,
				D76528371EB2C42C00D7DF69 /* Release */,
			);
			defaultConfigurationIsVisible = 0;
			defaultConfigurationName = Release;
		};
		D76528381EB2C42C00D7DF69 /* Build configuration list for PBXNativeTarget "Living Expenses" */ = {
			isa = XCConfigurationList;
			buildConfigurations = (
				D76528391EB2C42C00D7DF69 /* Debug */,
				D765283A1EB2C42C00D7DF69 /* Release */,
			);
			defaultConfigurationIsVisible = 0;
			defaultConfigurationName = Release;
		};
/* End XCConfigurationList section */
	};
	rootObject = D765281E1EB2C42C00D7DF69 /* Project object */;
}
